{
  "object": {
    "pins": [
      {
        "package": "RxPrivacyManager",
        "repositoryURL": "https://github.com/cp3hnu/RxPrivacyManager.git",
        "state": {
          "branch": "master",
          "revision": "76c74b2add712afa024a0bb77bafceb8e064f37e",
          "version": null
        }
      },
      {
        "package": "RxSwift",
        "repositoryURL": "https://github.com/ReactiveX/RxSwift.git",
        "state": {
          "branch": null,
          "revision": "7c17a6ccca06b5c107cfa4284e634562ddaf5951",
          "version": "6.2.0"
        }
      }
    ]
  },
  "version": 1
}
